
Microsoft Visual Studio Solution File, Format Version 12.00
# Visual Studio Version 16
VisualStudioVersion = 16.0.30804.86
MinimumVisualStudioVersion = 10.0.40219.1
Project("{2150E333-8FDC-42A3-9474-1A3956D46DE8}") = "CUDA 프로그래밍", "CUDA 프로그래밍", "{106EF9F3-6315-4CB6-84D0-B184FBA2E95D}"
EndProject
Project("{8BC9CEB8-8B4A-11D0-8D11-00A0C91BC942}") = "HelloWorld", "HelloWorld\HelloWorld.vcxproj", "{C46DD9B4-D983-475E-9C16-0E4AC0F98576}"
EndProject
Project("{2150E333-8FDC-42A3-9474-1A3956D46DE8}") = "HomeWork자료", "HomeWork자료", "{0EC8BE96-9F20-438D-A0A3-B29F4029BF25}"
EndProject
Project("{2150E333-8FDC-42A3-9474-1A3956D46DE8}") = "1_Add_Flip", "1_Add_Flip", "{226619E8-CEF3-4750-A3E0-BBA6AB7A2B54}"
	ProjectSection(SolutionItems) = preProject
		HomeWork자료\1_Add_Flip\addition.cu = HomeWork자료\1_Add_Flip\addition.cu
		HomeWork자료\1_Add_Flip\flipx.cu = HomeWork자료\1_Add_Flip\flipx.cu
		HomeWork자료\1_Add_Flip\flipy.cu = HomeWork자료\1_Add_Flip\flipy.cu
	EndProjectSection
EndProject
Project("{2150E333-8FDC-42A3-9474-1A3956D46DE8}") = "2_Transpose_Multiply", "2_Transpose_Multiply", "{A3D4829E-E276-4EAB-8EF0-4059E5871D21}"
	ProjectSection(SolutionItems) = preProject
		HomeWork자료\2_Transpose_Multiply\multiply_1024.cu = HomeWork자료\2_Transpose_Multiply\multiply_1024.cu
		HomeWork자료\2_Transpose_Multiply\multiply_128.cu = HomeWork자료\2_Transpose_Multiply\multiply_128.cu
		HomeWork자료\2_Transpose_Multiply\multiply_32.cu = HomeWork자료\2_Transpose_Multiply\multiply_32.cu
		HomeWork자료\2_Transpose_Multiply\transpose.cu = HomeWork자료\2_Transpose_Multiply\transpose.cu
	EndProjectSection
EndProject
Project("{2150E333-8FDC-42A3-9474-1A3956D46DE8}") = "3_InnerProduct_medianFilter5", "3_InnerProduct_medianFilter5", "{754E1042-827A-4675-AFB2-A2E28D70DD5B}"
	ProjectSection(SolutionItems) = preProject
		HomeWork자료\3_InnerProduct_medianFilter5\innerproduct.cu = HomeWork자료\3_InnerProduct_medianFilter5\innerproduct.cu
		HomeWork자료\3_InnerProduct_medianFilter5\medfilt5.cu = HomeWork자료\3_InnerProduct_medianFilter5\medfilt5.cu
	EndProjectSection
EndProject
Project("{8BC9CEB8-8B4A-11D0-8D11-00A0C91BC942}") = "04.2.2 Julia Set", "4.2.2 Julia Set\4.2.2 Julia Set.vcxproj", "{5E31205F-C647-49E7-B14D-22CCD178BE63}"
EndProject
Project("{8BC9CEB8-8B4A-11D0-8D11-00A0C91BC942}") = "05.2.1 Vector Sum", "5.2.1 Vector Sum\5.2.1 Vector Sum.vcxproj", "{03BFD98B-2000-4E2D-A655-B3D61BB38206}"
EndProject
Project("{8BC9CEB8-8B4A-11D0-8D11-00A0C91BC942}") = "05.2.2 Wave", "5.2.2 Wave\5.2.2 Wave.vcxproj", "{8DE7235F-0E2D-48C6-A643-77516649D2F0}"
EndProject
Project("{8BC9CEB8-8B4A-11D0-8D11-00A0C91BC942}") = "05.3.1 Dot Product", "5.3.1 Dot Product\5.3.1 Dot Product.vcxproj", "{3DC3F2CF-D210-4F1E-AE00-5F3A91C7AD63}"
EndProject
Project("{8BC9CEB8-8B4A-11D0-8D11-00A0C91BC942}") = "05.3.3 Shared Memory Bitmap", "5.3.3 Shared Memory Bitmap\5.3.3 Shared Memory Bitmap.vcxproj", "{4ACC96F0-D83F-4B3F-9DFE-35A0DB964C82}"
EndProject
Project("{8BC9CEB8-8B4A-11D0-8D11-00A0C91BC942}") = "06.2.2 GPU Ray Tracing", "6.2.2 GPU Ray Tracing\6.2.2 GPU Ray Tracing.vcxproj", "{25D40B6B-E3C3-4C67-BDF8-E412C17B15AB}"
EndProject
Project("{8BC9CEB8-8B4A-11D0-8D11-00A0C91BC942}") = "07.3 열전달 시뮬레이션", "7.3 열전달 시뮬레이션\7.3 열전달 시뮬레이션.vcxproj", "{69788ED1-F564-482D-B04C-F699DC6E98E3}"
EndProject
Project("{8BC9CEB8-8B4A-11D0-8D11-00A0C91BC942}") = "07.3.4 열전달 시뮬레이션(TextureMemory)", "7.3.4 열전달 시뮬레이션(TextureMemory)\7.3.4 열전달 시뮬레이션(TextureMemory).vcxproj", "{74CF0054-3F53-4896-86C4-CB6444D5FCAF}"
EndProject
Project("{8BC9CEB8-8B4A-11D0-8D11-00A0C91BC942}") = "07.3.5 열전달 시뮬레이션(TextureMemory2D)", "7.3.5 열전달 시뮬레이션(TextureMemory2D)\7.3.5 열전달 시뮬레이션(TextureMemory2D).vcxproj", "{4849877B-8154-4E3B-8DFD-7F40A53BB3C6}"
EndProject
Project("{8BC9CEB8-8B4A-11D0-8D11-00A0C91BC942}") = "08.2 그래픽스 상호운용", "8.2 그래픽스 상호운용\8.2 그래픽스 상호운용.vcxproj", "{1756A3C8-138A-4456-8189-4D72306F021E}"
EndProject
Project("{8BC9CEB8-8B4A-11D0-8D11-00A0C91BC942}") = "08.3 그래픽스 상호운용 Wave", "8.3 그래픽스 상호운용 Wave\8.3 그래픽스 상호운용 Wave.vcxproj", "{9F7EC427-812F-4670-ACD8-D7AA464C015E}"
EndProject
Project("{8BC9CEB8-8B4A-11D0-8D11-00A0C91BC942}") = "08.4 그래픽스 상호운용 열전달 시뮬레이션", "8.4 그래픽스 상호운용 열전달 시뮬레이션\8.4 그래픽스 상호운용 열전달 시뮬레이션.vcxproj", "{1C38FC3C-B373-4982-9466-8B85F8291168}"
EndProject
Project("{8BC9CEB8-8B4A-11D0-8D11-00A0C91BC942}") = "09.4.1 CPU 히스토그램 계산", "9.4.1 CPU 히스토그램 계산\9.4.1 CPU 히스토그램 계산.vcxproj", "{99731750-6E21-4105-BEF5-4B8E15E3FF4C}"
EndProject
Project("{8BC9CEB8-8B4A-11D0-8D11-00A0C91BC942}") = "09.4.2 GPU 히스토그램 계산", "9.4.2 GPU 히스토그램 계산\9.4.2 GPU 히스토그램 계산.vcxproj", "{B4065450-8D1B-40DD-B4DA-B5B0BECFA8BD}"
EndProject
Project("{8BC9CEB8-8B4A-11D0-8D11-00A0C91BC942}") = "10.2 스트림을 이용한 데이터 전송", "10.2 스트림을 이용한 데이터 전송\10.2 스트림을 이용한 데이터 전송.vcxproj", "{7F951921-4A50-497D-90E3-03EB1AFD90F8}"
EndProject
Project("{8BC9CEB8-8B4A-11D0-8D11-00A0C91BC942}") = "10.4 하나의 CUDA 스트림 이용", "10.4 하나의 CUDA 스트림 이용\10.4 하나의 CUDA 스트림 이용.vcxproj", "{C7CAB90B-38D9-42D3-8EC1-CAB7F37EA714}"
EndProject
Project("{8BC9CEB8-8B4A-11D0-8D11-00A0C91BC942}") = "10.5 다수의 CUDA 스트림 이용", "10.5 다수의 CUDA 스트림 이용\10.5 다수의 CUDA 스트림 이용.vcxproj", "{056E9955-A241-4C0F-BFB6-62A42F01ED8E}"
EndProject
Project("{8BC9CEB8-8B4A-11D0-8D11-00A0C91BC942}") = "10.7 효과적인 다수의 CUDA 스트림 이용", "10.7 효과적인 다수의 CUDA 스트림 이용\10.7 효과적인 다수의 CUDA 스트림 이용.vcxproj", "{E74A7D07-FC2A-42BF-9FF6-6AD52B14BF7C}"
EndProject
Project("{8BC9CEB8-8B4A-11D0-8D11-00A0C91BC942}") = "11.1 무복사 호스트 메모리", "11.1 무복사 호스트 메모리\11.1 무복사 호스트 메모리.vcxproj", "{8B8493AF-C693-47A1-839F-A8A7A1747F2F}"
EndProject
Project("{8BC9CEB8-8B4A-11D0-8D11-00A0C91BC942}") = "A.1.2 돌아온 내적 예제 원자적 잠금", "A.1.2 돌아온 내적 예제 원자적 잠금\A.1.2 돌아온 내적 예제 원자적 잠금.vcxproj", "{BA4FC808-5844-4771-BBB0-E9F5893D70F7}"
EndProject
Project("{8BC9CEB8-8B4A-11D0-8D11-00A0C91BC942}") = "A.2.2 CPU 해시 테이블", "A.2.2 CPU 해시 테이블\A.2.2 CPU 해시 테이블.vcxproj", "{B7E96947-EB6C-4EDE-8BD0-740987413251}"
EndProject
Project("{8BC9CEB8-8B4A-11D0-8D11-00A0C91BC942}") = "A.2.4 GPU 해시 테이블", "A.2.4 GPU 해시 테이블\A.2.4 GPU 해시 테이블.vcxproj", "{AB67F420-C62E-472E-A749-05C9CDA3F2B6}"
EndProject
Global
	GlobalSection(SolutionConfigurationPlatforms) = preSolution
		Debug|x64 = Debug|x64
		Debug|x86 = Debug|x86
		Release|x64 = Release|x64
		Release|x86 = Release|x86
	EndGlobalSection
	GlobalSection(ProjectConfigurationPlatforms) = postSolution
		{C46DD9B4-D983-475E-9C16-0E4AC0F98576}.Debug|x64.ActiveCfg = Debug|x64
		{C46DD9B4-D983-475E-9C16-0E4AC0F98576}.Debug|x64.Build.0 = Debug|x64
		{C46DD9B4-D983-475E-9C16-0E4AC0F98576}.Debug|x86.ActiveCfg = Debug|Win32
		{C46DD9B4-D983-475E-9C16-0E4AC0F98576}.Debug|x86.Build.0 = Debug|Win32
		{C46DD9B4-D983-475E-9C16-0E4AC0F98576}.Release|x64.ActiveCfg = Release|x64
		{C46DD9B4-D983-475E-9C16-0E4AC0F98576}.Release|x64.Build.0 = Release|x64
		{C46DD9B4-D983-475E-9C16-0E4AC0F98576}.Release|x86.ActiveCfg = Release|Win32
		{C46DD9B4-D983-475E-9C16-0E4AC0F98576}.Release|x86.Build.0 = Release|Win32
		{5E31205F-C647-49E7-B14D-22CCD178BE63}.Debug|x64.ActiveCfg = Debug|x64
		{5E31205F-C647-49E7-B14D-22CCD178BE63}.Debug|x64.Build.0 = Debug|x64
		{5E31205F-C647-49E7-B14D-22CCD178BE63}.Debug|x86.ActiveCfg = Debug|x64
		{5E31205F-C647-49E7-B14D-22CCD178BE63}.Release|x64.ActiveCfg = Release|x64
		{5E31205F-C647-49E7-B14D-22CCD178BE63}.Release|x64.Build.0 = Release|x64
		{5E31205F-C647-49E7-B14D-22CCD178BE63}.Release|x86.ActiveCfg = Release|x64
		{03BFD98B-2000-4E2D-A655-B3D61BB38206}.Debug|x64.ActiveCfg = Debug|x64
		{03BFD98B-2000-4E2D-A655-B3D61BB38206}.Debug|x64.Build.0 = Debug|x64
		{03BFD98B-2000-4E2D-A655-B3D61BB38206}.Debug|x86.ActiveCfg = Debug|x64
		{03BFD98B-2000-4E2D-A655-B3D61BB38206}.Release|x64.ActiveCfg = Release|x64
		{03BFD98B-2000-4E2D-A655-B3D61BB38206}.Release|x64.Build.0 = Release|x64
		{03BFD98B-2000-4E2D-A655-B3D61BB38206}.Release|x86.ActiveCfg = Release|x64
		{8DE7235F-0E2D-48C6-A643-77516649D2F0}.Debug|x64.ActiveCfg = Debug|x64
		{8DE7235F-0E2D-48C6-A643-77516649D2F0}.Debug|x64.Build.0 = Debug|x64
		{8DE7235F-0E2D-48C6-A643-77516649D2F0}.Debug|x86.ActiveCfg = Debug|x64
		{8DE7235F-0E2D-48C6-A643-77516649D2F0}.Release|x64.ActiveCfg = Release|x64
		{8DE7235F-0E2D-48C6-A643-77516649D2F0}.Release|x64.Build.0 = Release|x64
		{8DE7235F-0E2D-48C6-A643-77516649D2F0}.Release|x86.ActiveCfg = Release|x64
		{3DC3F2CF-D210-4F1E-AE00-5F3A91C7AD63}.Debug|x64.ActiveCfg = Debug|x64
		{3DC3F2CF-D210-4F1E-AE00-5F3A91C7AD63}.Debug|x64.Build.0 = Debug|x64
		{3DC3F2CF-D210-4F1E-AE00-5F3A91C7AD63}.Debug|x86.ActiveCfg = Debug|x64
		{3DC3F2CF-D210-4F1E-AE00-5F3A91C7AD63}.Release|x64.ActiveCfg = Release|x64
		{3DC3F2CF-D210-4F1E-AE00-5F3A91C7AD63}.Release|x64.Build.0 = Release|x64
		{3DC3F2CF-D210-4F1E-AE00-5F3A91C7AD63}.Release|x86.ActiveCfg = Release|x64
		{4ACC96F0-D83F-4B3F-9DFE-35A0DB964C82}.Debug|x64.ActiveCfg = Debug|x64
		{4ACC96F0-D83F-4B3F-9DFE-35A0DB964C82}.Debug|x64.Build.0 = Debug|x64
		{4ACC96F0-D83F-4B3F-9DFE-35A0DB964C82}.Debug|x86.ActiveCfg = Debug|x64
		{4ACC96F0-D83F-4B3F-9DFE-35A0DB964C82}.Release|x64.ActiveCfg = Release|x64
		{4ACC96F0-D83F-4B3F-9DFE-35A0DB964C82}.Release|x64.Build.0 = Release|x64
		{4ACC96F0-D83F-4B3F-9DFE-35A0DB964C82}.Release|x86.ActiveCfg = Release|x64
		{25D40B6B-E3C3-4C67-BDF8-E412C17B15AB}.Debug|x64.ActiveCfg = Debug|x64
		{25D40B6B-E3C3-4C67-BDF8-E412C17B15AB}.Debug|x64.Build.0 = Debug|x64
		{25D40B6B-E3C3-4C67-BDF8-E412C17B15AB}.Debug|x86.ActiveCfg = Debug|x64
		{25D40B6B-E3C3-4C67-BDF8-E412C17B15AB}.Release|x64.ActiveCfg = Release|x64
		{25D40B6B-E3C3-4C67-BDF8-E412C17B15AB}.Release|x64.Build.0 = Release|x64
		{25D40B6B-E3C3-4C67-BDF8-E412C17B15AB}.Release|x86.ActiveCfg = Release|x64
		{69788ED1-F564-482D-B04C-F699DC6E98E3}.Debug|x64.ActiveCfg = Debug|x64
		{69788ED1-F564-482D-B04C-F699DC6E98E3}.Debug|x64.Build.0 = Debug|x64
		{69788ED1-F564-482D-B04C-F699DC6E98E3}.Debug|x86.ActiveCfg = Debug|x64
		{69788ED1-F564-482D-B04C-F699DC6E98E3}.Release|x64.ActiveCfg = Release|x64
		{69788ED1-F564-482D-B04C-F699DC6E98E3}.Release|x64.Build.0 = Release|x64
		{69788ED1-F564-482D-B04C-F699DC6E98E3}.Release|x86.ActiveCfg = Release|x64
		{74CF0054-3F53-4896-86C4-CB6444D5FCAF}.Debug|x64.ActiveCfg = Debug|x64
		{74CF0054-3F53-4896-86C4-CB6444D5FCAF}.Debug|x64.Build.0 = Debug|x64
		{74CF0054-3F53-4896-86C4-CB6444D5FCAF}.Debug|x86.ActiveCfg = Debug|x64
		{74CF0054-3F53-4896-86C4-CB6444D5FCAF}.Release|x64.ActiveCfg = Release|x64
		{74CF0054-3F53-4896-86C4-CB6444D5FCAF}.Release|x64.Build.0 = Release|x64
		{74CF0054-3F53-4896-86C4-CB6444D5FCAF}.Release|x86.ActiveCfg = Release|x64
		{4849877B-8154-4E3B-8DFD-7F40A53BB3C6}.Debug|x64.ActiveCfg = Debug|x64
		{4849877B-8154-4E3B-8DFD-7F40A53BB3C6}.Debug|x64.Build.0 = Debug|x64
		{4849877B-8154-4E3B-8DFD-7F40A53BB3C6}.Debug|x86.ActiveCfg = Debug|x64
		{4849877B-8154-4E3B-8DFD-7F40A53BB3C6}.Release|x64.ActiveCfg = Release|x64
		{4849877B-8154-4E3B-8DFD-7F40A53BB3C6}.Release|x64.Build.0 = Release|x64
		{4849877B-8154-4E3B-8DFD-7F40A53BB3C6}.Release|x86.ActiveCfg = Release|x64
		{1756A3C8-138A-4456-8189-4D72306F021E}.Debug|x64.ActiveCfg = Debug|x64
		{1756A3C8-138A-4456-8189-4D72306F021E}.Debug|x64.Build.0 = Debug|x64
		{1756A3C8-138A-4456-8189-4D72306F021E}.Debug|x86.ActiveCfg = Debug|x64
		{1756A3C8-138A-4456-8189-4D72306F021E}.Release|x64.ActiveCfg = Release|x64
		{1756A3C8-138A-4456-8189-4D72306F021E}.Release|x64.Build.0 = Release|x64
		{1756A3C8-138A-4456-8189-4D72306F021E}.Release|x86.ActiveCfg = Release|x64
		{9F7EC427-812F-4670-ACD8-D7AA464C015E}.Debug|x64.ActiveCfg = Debug|x64
		{9F7EC427-812F-4670-ACD8-D7AA464C015E}.Debug|x64.Build.0 = Debug|x64
		{9F7EC427-812F-4670-ACD8-D7AA464C015E}.Debug|x86.ActiveCfg = Debug|x64
		{9F7EC427-812F-4670-ACD8-D7AA464C015E}.Release|x64.ActiveCfg = Release|x64
		{9F7EC427-812F-4670-ACD8-D7AA464C015E}.Release|x64.Build.0 = Release|x64
		{9F7EC427-812F-4670-ACD8-D7AA464C015E}.Release|x86.ActiveCfg = Release|x64
		{1C38FC3C-B373-4982-9466-8B85F8291168}.Debug|x64.ActiveCfg = Debug|x64
		{1C38FC3C-B373-4982-9466-8B85F8291168}.Debug|x64.Build.0 = Debug|x64
		{1C38FC3C-B373-4982-9466-8B85F8291168}.Debug|x86.ActiveCfg = Debug|x64
		{1C38FC3C-B373-4982-9466-8B85F8291168}.Release|x64.ActiveCfg = Release|x64
		{1C38FC3C-B373-4982-9466-8B85F8291168}.Release|x64.Build.0 = Release|x64
		{1C38FC3C-B373-4982-9466-8B85F8291168}.Release|x86.ActiveCfg = Release|x64
		{99731750-6E21-4105-BEF5-4B8E15E3FF4C}.Debug|x64.ActiveCfg = Debug|x64
		{99731750-6E21-4105-BEF5-4B8E15E3FF4C}.Debug|x64.Build.0 = Debug|x64
		{99731750-6E21-4105-BEF5-4B8E15E3FF4C}.Debug|x86.ActiveCfg = Debug|x64
		{99731750-6E21-4105-BEF5-4B8E15E3FF4C}.Release|x64.ActiveCfg = Release|x64
		{99731750-6E21-4105-BEF5-4B8E15E3FF4C}.Release|x64.Build.0 = Release|x64
		{99731750-6E21-4105-BEF5-4B8E15E3FF4C}.Release|x86.ActiveCfg = Release|x64
		{B4065450-8D1B-40DD-B4DA-B5B0BECFA8BD}.Debug|x64.ActiveCfg = Debug|x64
		{B4065450-8D1B-40DD-B4DA-B5B0BECFA8BD}.Debug|x64.Build.0 = Debug|x64
		{B4065450-8D1B-40DD-B4DA-B5B0BECFA8BD}.Debug|x86.ActiveCfg = Debug|x64
		{B4065450-8D1B-40DD-B4DA-B5B0BECFA8BD}.Release|x64.ActiveCfg = Release|x64
		{B4065450-8D1B-40DD-B4DA-B5B0BECFA8BD}.Release|x64.Build.0 = Release|x64
		{B4065450-8D1B-40DD-B4DA-B5B0BECFA8BD}.Release|x86.ActiveCfg = Release|x64
		{7F951921-4A50-497D-90E3-03EB1AFD90F8}.Debug|x64.ActiveCfg = Debug|x64
		{7F951921-4A50-497D-90E3-03EB1AFD90F8}.Debug|x64.Build.0 = Debug|x64
		{7F951921-4A50-497D-90E3-03EB1AFD90F8}.Debug|x86.ActiveCfg = Debug|x64
		{7F951921-4A50-497D-90E3-03EB1AFD90F8}.Release|x64.ActiveCfg = Release|x64
		{7F951921-4A50-497D-90E3-03EB1AFD90F8}.Release|x64.Build.0 = Release|x64
		{7F951921-4A50-497D-90E3-03EB1AFD90F8}.Release|x86.ActiveCfg = Release|x64
		{C7CAB90B-38D9-42D3-8EC1-CAB7F37EA714}.Debug|x64.ActiveCfg = Debug|x64
		{C7CAB90B-38D9-42D3-8EC1-CAB7F37EA714}.Debug|x64.Build.0 = Debug|x64
		{C7CAB90B-38D9-42D3-8EC1-CAB7F37EA714}.Debug|x86.ActiveCfg = Debug|x64
		{C7CAB90B-38D9-42D3-8EC1-CAB7F37EA714}.Release|x64.ActiveCfg = Release|x64
		{C7CAB90B-38D9-42D3-8EC1-CAB7F37EA714}.Release|x64.Build.0 = Release|x64
		{C7CAB90B-38D9-42D3-8EC1-CAB7F37EA714}.Release|x86.ActiveCfg = Release|x64
		{056E9955-A241-4C0F-BFB6-62A42F01ED8E}.Debug|x64.ActiveCfg = Debug|x64
		{056E9955-A241-4C0F-BFB6-62A42F01ED8E}.Debug|x64.Build.0 = Debug|x64
		{056E9955-A241-4C0F-BFB6-62A42F01ED8E}.Debug|x86.ActiveCfg = Debug|x64
		{056E9955-A241-4C0F-BFB6-62A42F01ED8E}.Release|x64.ActiveCfg = Release|x64
		{056E9955-A241-4C0F-BFB6-62A42F01ED8E}.Release|x64.Build.0 = Release|x64
		{056E9955-A241-4C0F-BFB6-62A42F01ED8E}.Release|x86.ActiveCfg = Release|x64
		{E74A7D07-FC2A-42BF-9FF6-6AD52B14BF7C}.Debug|x64.ActiveCfg = Debug|x64
		{E74A7D07-FC2A-42BF-9FF6-6AD52B14BF7C}.Debug|x64.Build.0 = Debug|x64
		{E74A7D07-FC2A-42BF-9FF6-6AD52B14BF7C}.Debug|x86.ActiveCfg = Debug|x64
		{E74A7D07-FC2A-42BF-9FF6-6AD52B14BF7C}.Release|x64.ActiveCfg = Release|x64
		{E74A7D07-FC2A-42BF-9FF6-6AD52B14BF7C}.Release|x64.Build.0 = Release|x64
		{E74A7D07-FC2A-42BF-9FF6-6AD52B14BF7C}.Release|x86.ActiveCfg = Release|x64
		{8B8493AF-C693-47A1-839F-A8A7A1747F2F}.Debug|x64.ActiveCfg = Debug|x64
		{8B8493AF-C693-47A1-839F-A8A7A1747F2F}.Debug|x64.Build.0 = Debug|x64
		{8B8493AF-C693-47A1-839F-A8A7A1747F2F}.Debug|x86.ActiveCfg = Debug|x64
		{8B8493AF-C693-47A1-839F-A8A7A1747F2F}.Release|x64.ActiveCfg = Release|x64
		{8B8493AF-C693-47A1-839F-A8A7A1747F2F}.Release|x64.Build.0 = Release|x64
		{8B8493AF-C693-47A1-839F-A8A7A1747F2F}.Release|x86.ActiveCfg = Release|x64
		{BA4FC808-5844-4771-BBB0-E9F5893D70F7}.Debug|x64.ActiveCfg = Debug|x64
		{BA4FC808-5844-4771-BBB0-E9F5893D70F7}.Debug|x64.Build.0 = Debug|x64
		{BA4FC808-5844-4771-BBB0-E9F5893D70F7}.Debug|x86.ActiveCfg = Debug|x64
		{BA4FC808-5844-4771-BBB0-E9F5893D70F7}.Release|x64.ActiveCfg = Release|x64
		{BA4FC808-5844-4771-BBB0-E9F5893D70F7}.Release|x64.Build.0 = Release|x64
		{BA4FC808-5844-4771-BBB0-E9F5893D70F7}.Release|x86.ActiveCfg = Release|x64
		{B7E96947-EB6C-4EDE-8BD0-740987413251}.Debug|x64.ActiveCfg = Debug|x64
		{B7E96947-EB6C-4EDE-8BD0-740987413251}.Debug|x64.Build.0 = Debug|x64
		{B7E96947-EB6C-4EDE-8BD0-740987413251}.Debug|x86.ActiveCfg = Debug|x64
		{B7E96947-EB6C-4EDE-8BD0-740987413251}.Release|x64.ActiveCfg = Release|x64
		{B7E96947-EB6C-4EDE-8BD0-740987413251}.Release|x64.Build.0 = Release|x64
		{B7E96947-EB6C-4EDE-8BD0-740987413251}.Release|x86.ActiveCfg = Release|x64
		{AB67F420-C62E-472E-A749-05C9CDA3F2B6}.Debug|x64.ActiveCfg = Debug|x64
		{AB67F420-C62E-472E-A749-05C9CDA3F2B6}.Debug|x64.Build.0 = Debug|x64
		{AB67F420-C62E-472E-A749-05C9CDA3F2B6}.Debug|x86.ActiveCfg = Debug|x64
		{AB67F420-C62E-472E-A749-05C9CDA3F2B6}.Release|x64.ActiveCfg = Release|x64
		{AB67F420-C62E-472E-A749-05C9CDA3F2B6}.Release|x64.Build.0 = Release|x64
		{AB67F420-C62E-472E-A749-05C9CDA3F2B6}.Release|x86.ActiveCfg = Release|x64
	EndGlobalSection
	GlobalSection(SolutionProperties) = preSolution
		HideSolutionNode = FALSE
	EndGlobalSection
	GlobalSection(NestedProjects) = preSolution
		{C46DD9B4-D983-475E-9C16-0E4AC0F98576} = {106EF9F3-6315-4CB6-84D0-B184FBA2E95D}
		{226619E8-CEF3-4750-A3E0-BBA6AB7A2B54} = {0EC8BE96-9F20-438D-A0A3-B29F4029BF25}
		{A3D4829E-E276-4EAB-8EF0-4059E5871D21} = {0EC8BE96-9F20-438D-A0A3-B29F4029BF25}
		{754E1042-827A-4675-AFB2-A2E28D70DD5B} = {0EC8BE96-9F20-438D-A0A3-B29F4029BF25}
		{5E31205F-C647-49E7-B14D-22CCD178BE63} = {106EF9F3-6315-4CB6-84D0-B184FBA2E95D}
		{03BFD98B-2000-4E2D-A655-B3D61BB38206} = {106EF9F3-6315-4CB6-84D0-B184FBA2E95D}
		{8DE7235F-0E2D-48C6-A643-77516649D2F0} = {106EF9F3-6315-4CB6-84D0-B184FBA2E95D}
		{3DC3F2CF-D210-4F1E-AE00-5F3A91C7AD63} = {106EF9F3-6315-4CB6-84D0-B184FBA2E95D}
		{4ACC96F0-D83F-4B3F-9DFE-35A0DB964C82} = {106EF9F3-6315-4CB6-84D0-B184FBA2E95D}
		{25D40B6B-E3C3-4C67-BDF8-E412C17B15AB} = {106EF9F3-6315-4CB6-84D0-B184FBA2E95D}
		{69788ED1-F564-482D-B04C-F699DC6E98E3} = {106EF9F3-6315-4CB6-84D0-B184FBA2E95D}
		{74CF0054-3F53-4896-86C4-CB6444D5FCAF} = {106EF9F3-6315-4CB6-84D0-B184FBA2E95D}
		{4849877B-8154-4E3B-8DFD-7F40A53BB3C6} = {106EF9F3-6315-4CB6-84D0-B184FBA2E95D}
		{1756A3C8-138A-4456-8189-4D72306F021E} = {106EF9F3-6315-4CB6-84D0-B184FBA2E95D}
		{9F7EC427-812F-4670-ACD8-D7AA464C015E} = {106EF9F3-6315-4CB6-84D0-B184FBA2E95D}
		{1C38FC3C-B373-4982-9466-8B85F8291168} = {106EF9F3-6315-4CB6-84D0-B184FBA2E95D}
		{99731750-6E21-4105-BEF5-4B8E15E3FF4C} = {106EF9F3-6315-4CB6-84D0-B184FBA2E95D}
		{B4065450-8D1B-40DD-B4DA-B5B0BECFA8BD} = {106EF9F3-6315-4CB6-84D0-B184FBA2E95D}
		{7F951921-4A50-497D-90E3-03EB1AFD90F8} = {106EF9F3-6315-4CB6-84D0-B184FBA2E95D}
		{C7CAB90B-38D9-42D3-8EC1-CAB7F37EA714} = {106EF9F3-6315-4CB6-84D0-B184FBA2E95D}
		{056E9955-A241-4C0F-BFB6-62A42F01ED8E} = {106EF9F3-6315-4CB6-84D0-B184FBA2E95D}
		{E74A7D07-FC2A-42BF-9FF6-6AD52B14BF7C} = {106EF9F3-6315-4CB6-84D0-B184FBA2E95D}
		{8B8493AF-C693-47A1-839F-A8A7A1747F2F} = {106EF9F3-6315-4CB6-84D0-B184FBA2E95D}
		{BA4FC808-5844-4771-BBB0-E9F5893D70F7} = {106EF9F3-6315-4CB6-84D0-B184FBA2E95D}
		{B7E96947-EB6C-4EDE-8BD0-740987413251} = {106EF9F3-6315-4CB6-84D0-B184FBA2E95D}
		{AB67F420-C62E-472E-A749-05C9CDA3F2B6} = {106EF9F3-6315-4CB6-84D0-B184FBA2E95D}
	EndGlobalSection
	GlobalSection(ExtensibilityGlobals) = postSolution
		SolutionGuid = {B56806A8-1982-4506-B3FE-8B752C50E110}
	EndGlobalSection
EndGlobal
